{
    "version": 3,
    "terraform_version": "0.11.8",
    "serial": 7,
    "lineage": "75d45942-45a5-1233-2f3b-e501f4096d13",
    "modules": [
        {
            "path": [
                "root"
            ],
            "outputs": {
                "app": {
                    "sensitive": false,
                    "type": "string",
                    "value": "34.68.177.238:5000"
                },
                "sonar": {
                    "sensitive": false,
                    "type": "string",
                    "value": "34.67.178.145:9000"
                }
            },
            "resources": {
                "data.google_compute_network.net": {
                    "type": "google_compute_network",
                    "depends_on": [],
                    "primary": {
                        "id": "default",
                        "attributes": {
                            "description": "Default network for the project",
                            "gateway_ipv4": "",
                            "id": "default",
                            "name": "default",
                            "self_link": "https://www.googleapis.com/compute/v1/projects/terraform-k8s-cicd-tools/global/networks/default",
                            "subnetworks_self_links.#": "20",
                            "subnetworks_self_links.0": "https://www.googleapis.com/compute/v1/projects/terraform-k8s-cicd-tools/regions/us-west2/subnetworks/default",
                            "subnetworks_self_links.1": "https://www.googleapis.com/compute/v1/projects/terraform-k8s-cicd-tools/regions/asia-east2/subnetworks/default",
                            "subnetworks_self_links.10": "https://www.googleapis.com/compute/v1/projects/terraform-k8s-cicd-tools/regions/asia-south1/subnetworks/default",
                            "subnetworks_self_links.11": "https://www.googleapis.com/compute/v1/projects/terraform-k8s-cicd-tools/regions/europe-west6/subnetworks/default",
                            "subnetworks_self_links.12": "https://www.googleapis.com/compute/v1/projects/terraform-k8s-cicd-tools/regions/europe-west1/subnetworks/default",
                            "subnetworks_self_links.13": "https://www.googleapis.com/compute/v1/projects/terraform-k8s-cicd-tools/regions/southamerica-east1/subnetworks/default",
                            "subnetworks_self_links.14": "https://www.googleapis.com/compute/v1/projects/terraform-k8s-cicd-tools/regions/europe-west3/subnetworks/default",
                            "subnetworks_self_links.15": "https://www.googleapis.com/compute/v1/projects/terraform-k8s-cicd-tools/regions/europe-west4/subnetworks/default",
                            "subnetworks_self_links.16": "https://www.googleapis.com/compute/v1/projects/terraform-k8s-cicd-tools/regions/asia-northeast1/subnetworks/default",
                            "subnetworks_self_links.17": "https://www.googleapis.com/compute/v1/projects/terraform-k8s-cicd-tools/regions/us-east4/subnetworks/default",
                            "subnetworks_self_links.18": "https://www.googleapis.com/compute/v1/projects/terraform-k8s-cicd-tools/regions/asia-northeast2/subnetworks/default",
                            "subnetworks_self_links.19": "https://www.googleapis.com/compute/v1/projects/terraform-k8s-cicd-tools/regions/us-west1/subnetworks/default",
                            "subnetworks_self_links.2": "https://www.googleapis.com/compute/v1/projects/terraform-k8s-cicd-tools/regions/us-east1/subnetworks/default",
                            "subnetworks_self_links.3": "https://www.googleapis.com/compute/v1/projects/terraform-k8s-cicd-tools/regions/us-central1/subnetworks/default",
                            "subnetworks_self_links.4": "https://www.googleapis.com/compute/v1/projects/terraform-k8s-cicd-tools/regions/asia-east1/subnetworks/default",
                            "subnetworks_self_links.5": "https://www.googleapis.com/compute/v1/projects/terraform-k8s-cicd-tools/regions/asia-southeast1/subnetworks/default",
                            "subnetworks_self_links.6": "https://www.googleapis.com/compute/v1/projects/terraform-k8s-cicd-tools/regions/europe-north1/subnetworks/default",
                            "subnetworks_self_links.7": "https://www.googleapis.com/compute/v1/projects/terraform-k8s-cicd-tools/regions/australia-southeast1/subnetworks/default",
                            "subnetworks_self_links.8": "https://www.googleapis.com/compute/v1/projects/terraform-k8s-cicd-tools/regions/europe-west2/subnetworks/default",
                            "subnetworks_self_links.9": "https://www.googleapis.com/compute/v1/projects/terraform-k8s-cicd-tools/regions/northamerica-northeast1/subnetworks/default"
                        },
                        "meta": {},
                        "tainted": false
                    },
                    "deposed": [],
                    "provider": "provider.google"
                },
                "google_compute_firewall.fw": {
                    "type": "google_compute_firewall",
                    "depends_on": [
                        "data.google_compute_network.net"
                    ],
                    "primary": {
                        "id": "fw",
                        "attributes": {
                            "allow.#": "1",
                            "allow.2481140388.ports.#": "1",
                            "allow.2481140388.ports.0": "8080",
                            "allow.2481140388.protocol": "tcp",
                            "creation_timestamp": "2019-06-22T23:47:58.895-07:00",
                            "deny.#": "0",
                            "description": "",
                            "destination_ranges.#": "0",
                            "direction": "INGRESS",
                            "disabled": "false",
                            "id": "fw",
                            "name": "fw",
                            "network": "https://www.googleapis.com/compute/v1/projects/terraform-k8s-cicd-tools/global/networks/default",
                            "priority": "1000",
                            "project": "terraform-k8s-cicd-tools",
                            "self_link": "https://www.googleapis.com/compute/v1/projects/terraform-k8s-cicd-tools/global/firewalls/fw",
                            "source_ranges.#": "1",
                            "source_ranges.1080289494": "0.0.0.0/0",
                            "source_service_accounts.#": "0",
                            "source_tags.#": "0",
                            "target_service_accounts.#": "0",
                            "target_tags.#": "0"
                        },
                        "meta": {
                            "e2bfb730-ecaa-11e6-8f88-34363bc7c4c0": {
                                "create": 240000000000,
                                "delete": 240000000000,
                                "update": 240000000000
                            },
                            "schema_version": "1"
                        },
                        "tainted": false
                    },
                    "deposed": [],
                    "provider": "provider.google"
                },
                "google_container_cluster.kube": {
                    "type": "google_container_cluster",
                    "depends_on": [],
                    "primary": {
                        "id": "kube",
                        "attributes": {
                            "additional_zones.#": "1",
                            "additional_zones.114014501": "us-central1-b",
                            "addons_config.#": "1",
                            "addons_config.0.horizontal_pod_autoscaling.#": "0",
                            "addons_config.0.http_load_balancing.#": "0",
                            "addons_config.0.kubernetes_dashboard.#": "1",
                            "addons_config.0.kubernetes_dashboard.0.disabled": "true",
                            "addons_config.0.network_policy_config.#": "1",
                            "addons_config.0.network_policy_config.0.disabled": "true",
                            "cluster_autoscaling.#": "0",
                            "cluster_ipv4_cidr": "10.40.0.0/14",
                            "description": "",
                            "enable_kubernetes_alpha": "false",
                            "enable_legacy_abac": "false",
                            "endpoint": "35.192.21.105",
                            "id": "kube",
                            "initial_node_count": "2",
                            "instance_group_urls.#": "2",
                            "instance_group_urls.0": "https://www.googleapis.com/compute/v1/projects/terraform-k8s-cicd-tools/zones/us-central1-b/instanceGroups/gke-kube-default-pool-bd2faedb-grp",
                            "instance_group_urls.1": "https://www.googleapis.com/compute/v1/projects/terraform-k8s-cicd-tools/zones/us-central1-a/instanceGroups/gke-kube-default-pool-e7da85f7-grp",
                            "ip_allocation_policy.#": "0",
                            "location": "us-central1-a",
                            "logging_service": "logging.googleapis.com",
                            "maintenance_policy.#": "0",
                            "master_auth.#": "1",
                            "master_auth.0.client_certificate": "",
                            "master_auth.0.client_certificate_config.#": "1",
                            "master_auth.0.client_certificate_config.0.issue_client_certificate": "false",
                            "master_auth.0.client_key": "",
                            "master_auth.0.cluster_ca_certificate": "LS0tLS1CRUdJTiBDRVJUSUZJQ0FURS0tLS0tCk1JSURERENDQWZTZ0F3SUJBZ0lSQVBXdUtkSjEwS2doYXdLeDdpZDZrcll3RFFZSktvWklodmNOQVFFTEJRQXcKTHpFdE1Dc0dBMVVFQXhNa01qZzJPR1poTkRFdFpETTBNQzAwTmpFeUxUbGxaVE10TWpCaE16aGpZekEwTlRkawpNQjRYRFRFNU1EWXlNekExTkRjMU9Gb1hEVEkwTURZeU1UQTJORGMxT0Zvd0x6RXRNQ3NHQTFVRUF4TWtNamcyCk9HWmhOREV0WkRNME1DMDBOakV5TFRsbFpUTXRNakJoTXpoall6QTBOVGRrTUlJQklqQU5CZ2txaGtpRzl3MEIKQVFFRkFBT0NBUThBTUlJQkNnS0NBUUVBbklFWVBMbFlMV2VPbU1yelN4VzVHa0lJcmU2UnZnZHdiQ0lxSnpmQgp4VkV0MWU1eDVRbkFmNVNIcTA3bXZ0WVpkMklYYkY1VzRkdXBlSVB2OUVUckJKekpQamFIT2lVSk9YZ0F2c1duCmFnUmh3SExTb0pjK1A1OW1jWVZvOVg0Q1J2UEF2YVVlckVuUThKN016b3lIRDlRZHRtdVNCQk5JeUxwWFpyZFkKQU43SFlhK2FrZUwveFN1Mm9ROW5yYVlRQWk1Qi80VmtWUjFvZGhUTWJjWEdWN3AzUmpWcDN5QUlxemFQb256egorSk5PdTQ2SEF2UDZRaXZLN3lXbFB0Q21oNEdoY3QzbWNiTzl2Q2pvcW9Pak4raFh5aDZ3clJRbVpMQ2J6Ui80Cm1DR1FyUC9RbHVneFFJRExlT253NlVTVzQ2NEtXUTREd2dGd0RqS1k0dytiN1FJREFRQUJveU13SVRBT0JnTlYKSFE4QkFmOEVCQU1DQWdRd0R3WURWUjBUQVFIL0JBVXdBd0VCL3pBTkJna3Foa2lHOXcwQkFRc0ZBQU9DQVFFQQpXbVgvK0c5cUE0RFVrdkRIVG9wZGsrajJyTDVTRkVuVDhSL1FyK0d5dzJHZmgxWldJR2ZCdERXVWJFNVkwVmxDCnNSVHo3bndZaXVFSHVkVCtlMGhXR2VuV0YzS0RkTVFPd1VyOFhyZERRTXZLcndSemNzbTlsczNXR2hBSVFJMCsKY0JPd2xHKzJWVm1ZMG85TWRrSFdWc1VaNnFWanF3L2xMdFNyTnhLY3ErSEhYanB1WFF3RFdzcDhWMFRLVnN6RQozb05qbHQzeC9vVU85akxMbnBiNitIQWwyNzFwQlk0UlBBSGRqMVM1THY4L2FoWG4wUCtXcHhwV1NjZjFDV0RSCnk1clk1WlI0Z20rM0VzMTlzRHVsTVRQYUwrN1AwZnZRQ2JxSGNtckRRZzNLR0JicDFkbVkrdVdwYVVQUGRTN2YKeTRidmY5RUVQQTB2SnVqY0lLY0RpQT09Ci0tLS0tRU5EIENFUlRJRklDQVRFLS0tLS0K",
                            "master_auth.0.password": "password9876543210",
                            "master_auth.0.username": "user",
                            "master_authorized_networks_config.#": "0",
                            "master_version": "1.12.8-gke.10",
                            "monitoring_service": "monitoring.googleapis.com",
                            "name": "kube",
                            "network": "projects/terraform-k8s-cicd-tools/global/networks/default",
                            "network_policy.#": "1",
                            "network_policy.0.enabled": "false",
                            "network_policy.0.provider": "PROVIDER_UNSPECIFIED",
                            "node_config.#": "1",
                            "node_config.0.disk_size_gb": "100",
                            "node_config.0.disk_type": "pd-standard",
                            "node_config.0.guest_accelerator.#": "0",
                            "node_config.0.image_type": "COS",
                            "node_config.0.labels.%": "0",
                            "node_config.0.local_ssd_count": "0",
                            "node_config.0.machine_type": "n1-standard-1",
                            "node_config.0.metadata.%": "1",
                            "node_config.0.metadata.disable-legacy-endpoints": "true",
                            "node_config.0.min_cpu_platform": "",
                            "node_config.0.oauth_scopes.#": "4",
                            "node_config.0.oauth_scopes.1277378754": "https://www.googleapis.com/auth/monitoring",
                            "node_config.0.oauth_scopes.1632638332": "https://www.googleapis.com/auth/devstorage.read_only",
                            "node_config.0.oauth_scopes.172152165": "https://www.googleapis.com/auth/logging.write",
                            "node_config.0.oauth_scopes.299962681": "https://www.googleapis.com/auth/compute",
                            "node_config.0.preemptible": "false",
                            "node_config.0.service_account": "default",
                            "node_config.0.tags.#": "0",
                            "node_config.0.taint.#": "0",
                            "node_config.0.workload_metadata_config.#": "0",
                            "node_locations.#": "1",
                            "node_locations.114014501": "us-central1-b",
                            "node_pool.#": "1",
                            "node_pool.0.autoscaling.#": "0",
                            "node_pool.0.initial_node_count": "2",
                            "node_pool.0.instance_group_urls.#": "2",
                            "node_pool.0.instance_group_urls.0": "https://www.googleapis.com/compute/v1/projects/terraform-k8s-cicd-tools/zones/us-central1-b/instanceGroupManagers/gke-kube-default-pool-bd2faedb-grp",
                            "node_pool.0.instance_group_urls.1": "https://www.googleapis.com/compute/v1/projects/terraform-k8s-cicd-tools/zones/us-central1-a/instanceGroupManagers/gke-kube-default-pool-e7da85f7-grp",
                            "node_pool.0.management.#": "1",
                            "node_pool.0.management.0.auto_repair": "false",
                            "node_pool.0.management.0.auto_upgrade": "false",
                            "node_pool.0.max_pods_per_node": "0",
                            "node_pool.0.name": "default-pool",
                            "node_pool.0.name_prefix": "",
                            "node_pool.0.node_config.#": "1",
                            "node_pool.0.node_config.0.disk_size_gb": "100",
                            "node_pool.0.node_config.0.disk_type": "pd-standard",
                            "node_pool.0.node_config.0.guest_accelerator.#": "0",
                            "node_pool.0.node_config.0.image_type": "COS",
                            "node_pool.0.node_config.0.labels.%": "0",
                            "node_pool.0.node_config.0.local_ssd_count": "0",
                            "node_pool.0.node_config.0.machine_type": "n1-standard-1",
                            "node_pool.0.node_config.0.metadata.%": "1",
                            "node_pool.0.node_config.0.metadata.disable-legacy-endpoints": "true",
                            "node_pool.0.node_config.0.min_cpu_platform": "",
                            "node_pool.0.node_config.0.oauth_scopes.#": "4",
                            "node_pool.0.node_config.0.oauth_scopes.1277378754": "https://www.googleapis.com/auth/monitoring",
                            "node_pool.0.node_config.0.oauth_scopes.1632638332": "https://www.googleapis.com/auth/devstorage.read_only",
                            "node_pool.0.node_config.0.oauth_scopes.172152165": "https://www.googleapis.com/auth/logging.write",
                            "node_pool.0.node_config.0.oauth_scopes.299962681": "https://www.googleapis.com/auth/compute",
                            "node_pool.0.node_config.0.preemptible": "false",
                            "node_pool.0.node_config.0.service_account": "default",
                            "node_pool.0.node_config.0.tags.#": "0",
                            "node_pool.0.node_config.0.taint.#": "0",
                            "node_pool.0.node_config.0.workload_metadata_config.#": "0",
                            "node_pool.0.node_count": "2",
                            "node_pool.0.version": "1.12.8-gke.10",
                            "node_version": "1.12.8-gke.10",
                            "private_cluster_config.#": "0",
                            "project": "terraform-k8s-cicd-tools",
                            "resource_labels.%": "0",
                            "services_ipv4_cidr": "10.43.240.0/20",
                            "subnetwork": "projects/terraform-k8s-cicd-tools/regions/us-central1/subnetworks/default",
                            "zone": "us-central1-a"
                        },
                        "meta": {
                            "e2bfb730-ecaa-11e6-8f88-34363bc7c4c0": {
                                "create": 1800000000000,
                                "delete": 1800000000000,
                                "update": 3600000000000
                            },
                            "schema_version": "1"
                        },
                        "tainted": false
                    },
                    "deposed": [],
                    "provider": "provider.google"
                },
                "kubernetes_deployment.app": {
                    "type": "kubernetes_deployment",
                    "depends_on": [
                        "local.app"
                    ],
                    "primary": {
                        "id": "default/app",
                        "attributes": {
                            "id": "default/app",
                            "metadata.#": "1",
                            "metadata.0.annotations.%": "0",
                            "metadata.0.generate_name": "",
                            "metadata.0.generation": "1",
                            "metadata.0.labels.%": "1",
                            "metadata.0.labels.app": "app",
                            "metadata.0.name": "app",
                            "metadata.0.namespace": "default",
                            "metadata.0.resource_version": "950",
                            "metadata.0.self_link": "/apis/apps/v1/namespaces/default/deployments/app",
                            "metadata.0.uid": "295cbccc-9583-11e9-840b-42010a80005a",
                            "spec.#": "1",
                            "spec.0.min_ready_seconds": "0",
                            "spec.0.paused": "false",
                            "spec.0.progress_deadline_seconds": "600",
                            "spec.0.replicas": "3",
                            "spec.0.revision_history_limit": "10",
                            "spec.0.selector.#": "1",
                            "spec.0.selector.0.match_expressions.#": "0",
                            "spec.0.selector.0.match_labels.%": "1",
                            "spec.0.selector.0.match_labels.app": "app",
                            "spec.0.strategy.#": "1",
                            "spec.0.strategy.0.rolling_update.#": "1",
                            "spec.0.strategy.0.rolling_update.0.max_surge": "25%",
                            "spec.0.strategy.0.rolling_update.0.max_unavailable": "25%",
                            "spec.0.strategy.0.type": "RollingUpdate",
                            "spec.0.template.#": "1",
                            "spec.0.template.0.metadata.#": "1",
                            "spec.0.template.0.metadata.0.annotations.%": "0",
                            "spec.0.template.0.metadata.0.generate_name": "",
                            "spec.0.template.0.metadata.0.generation": "0",
                            "spec.0.template.0.metadata.0.labels.%": "1",
                            "spec.0.template.0.metadata.0.labels.app": "app",
                            "spec.0.template.0.metadata.0.name": "",
                            "spec.0.template.0.metadata.0.namespace": "default",
                            "spec.0.template.0.metadata.0.resource_version": "",
                            "spec.0.template.0.metadata.0.self_link": "",
                            "spec.0.template.0.metadata.0.uid": "",
                            "spec.0.template.0.spec.#": "1",
                            "spec.0.template.0.spec.0.active_deadline_seconds": "0",
                            "spec.0.template.0.spec.0.affinity.#": "0",
                            "spec.0.template.0.spec.0.container.#": "1",
                            "spec.0.template.0.spec.0.container.0.args.#": "0",
                            "spec.0.template.0.spec.0.container.0.command.#": "0",
                            "spec.0.template.0.spec.0.container.0.env.#": "0",
                            "spec.0.template.0.spec.0.container.0.env_from.#": "0",
                            "spec.0.template.0.spec.0.container.0.image": "malferov/app:3",
                            "spec.0.template.0.spec.0.container.0.image_pull_policy": "IfNotPresent",
                            "spec.0.template.0.spec.0.container.0.lifecycle.#": "0",
                            "spec.0.template.0.spec.0.container.0.liveness_probe.#": "0",
                            "spec.0.template.0.spec.0.container.0.name": "app",
                            "spec.0.template.0.spec.0.container.0.port.#": "0",
                            "spec.0.template.0.spec.0.container.0.readiness_probe.#": "0",
                            "spec.0.template.0.spec.0.container.0.resources.#": "1",
                            "spec.0.template.0.spec.0.container.0.security_context.#": "0",
                            "spec.0.template.0.spec.0.container.0.stdin": "false",
                            "spec.0.template.0.spec.0.container.0.stdin_once": "false",
                            "spec.0.template.0.spec.0.container.0.termination_message_path": "/dev/termination-log",
                            "spec.0.template.0.spec.0.container.0.tty": "false",
                            "spec.0.template.0.spec.0.container.0.volume_mount.#": "0",
                            "spec.0.template.0.spec.0.container.0.working_dir": "",
                            "spec.0.template.0.spec.0.dns_config.#": "0",
                            "spec.0.template.0.spec.0.dns_policy": "ClusterFirst",
                            "spec.0.template.0.spec.0.host_aliases.#": "0",
                            "spec.0.template.0.spec.0.host_ipc": "false",
                            "spec.0.template.0.spec.0.host_network": "false",
                            "spec.0.template.0.spec.0.host_pid": "false",
                            "spec.0.template.0.spec.0.hostname": "",
                            "spec.0.template.0.spec.0.image_pull_secrets.#": "0",
                            "spec.0.template.0.spec.0.init_container.#": "0",
                            "spec.0.template.0.spec.0.node_name": "",
                            "spec.0.template.0.spec.0.node_selector.%": "0",
                            "spec.0.template.0.spec.0.restart_policy": "Always",
                            "spec.0.template.0.spec.0.security_context.#": "0",
                            "spec.0.template.0.spec.0.service_account_name": "",
                            "spec.0.template.0.spec.0.subdomain": "",
                            "spec.0.template.0.spec.0.termination_grace_period_seconds": "30",
                            "spec.0.template.0.spec.0.volume.#": "0"
                        },
                        "meta": {
                            "e2bfb730-ecaa-11e6-8f88-34363bc7c4c0": {
                                "create": 600000000000,
                                "delete": 600000000000,
                                "update": 600000000000
                            }
                        },
                        "tainted": false
                    },
                    "deposed": [],
                    "provider": "provider.kubernetes"
                },
                "kubernetes_deployment.sonar": {
                    "type": "kubernetes_deployment",
                    "depends_on": [],
                    "primary": {
                        "id": "default/sonar",
                        "attributes": {
                            "id": "default/sonar",
                            "metadata.#": "1",
                            "metadata.0.annotations.%": "0",
                            "metadata.0.generate_name": "",
                            "metadata.0.generation": "1",
                            "metadata.0.labels.%": "1",
                            "metadata.0.labels.app": "sonar",
                            "metadata.0.name": "sonar",
                            "metadata.0.namespace": "default",
                            "metadata.0.resource_version": "663",
                            "metadata.0.self_link": "/apis/apps/v1/namespaces/default/deployments/sonar",
                            "metadata.0.uid": "295ce6de-9583-11e9-840b-42010a80005a",
                            "spec.#": "1",
                            "spec.0.min_ready_seconds": "0",
                            "spec.0.paused": "false",
                            "spec.0.progress_deadline_seconds": "600",
                            "spec.0.replicas": "1",
                            "spec.0.revision_history_limit": "10",
                            "spec.0.selector.#": "1",
                            "spec.0.selector.0.match_expressions.#": "0",
                            "spec.0.selector.0.match_labels.%": "1",
                            "spec.0.selector.0.match_labels.app": "sonar",
                            "spec.0.strategy.#": "1",
                            "spec.0.strategy.0.rolling_update.#": "1",
                            "spec.0.strategy.0.rolling_update.0.max_surge": "25%",
                            "spec.0.strategy.0.rolling_update.0.max_unavailable": "25%",
                            "spec.0.strategy.0.type": "RollingUpdate",
                            "spec.0.template.#": "1",
                            "spec.0.template.0.metadata.#": "1",
                            "spec.0.template.0.metadata.0.annotations.%": "0",
                            "spec.0.template.0.metadata.0.generate_name": "",
                            "spec.0.template.0.metadata.0.generation": "0",
                            "spec.0.template.0.metadata.0.labels.%": "1",
                            "spec.0.template.0.metadata.0.labels.app": "sonar",
                            "spec.0.template.0.metadata.0.name": "",
                            "spec.0.template.0.metadata.0.namespace": "default",
                            "spec.0.template.0.metadata.0.resource_version": "",
                            "spec.0.template.0.metadata.0.self_link": "",
                            "spec.0.template.0.metadata.0.uid": "",
                            "spec.0.template.0.spec.#": "1",
                            "spec.0.template.0.spec.0.active_deadline_seconds": "0",
                            "spec.0.template.0.spec.0.affinity.#": "0",
                            "spec.0.template.0.spec.0.container.#": "1",
                            "spec.0.template.0.spec.0.container.0.args.#": "0",
                            "spec.0.template.0.spec.0.container.0.command.#": "0",
                            "spec.0.template.0.spec.0.container.0.env.#": "0",
                            "spec.0.template.0.spec.0.container.0.env_from.#": "0",
                            "spec.0.template.0.spec.0.container.0.image": "sonarqube:lts",
                            "spec.0.template.0.spec.0.container.0.image_pull_policy": "IfNotPresent",
                            "spec.0.template.0.spec.0.container.0.lifecycle.#": "0",
                            "spec.0.template.0.spec.0.container.0.liveness_probe.#": "0",
                            "spec.0.template.0.spec.0.container.0.name": "sonar",
                            "spec.0.template.0.spec.0.container.0.port.#": "0",
                            "spec.0.template.0.spec.0.container.0.readiness_probe.#": "0",
                            "spec.0.template.0.spec.0.container.0.resources.#": "1",
                            "spec.0.template.0.spec.0.container.0.security_context.#": "0",
                            "spec.0.template.0.spec.0.container.0.stdin": "false",
                            "spec.0.template.0.spec.0.container.0.stdin_once": "false",
                            "spec.0.template.0.spec.0.container.0.termination_message_path": "/dev/termination-log",
                            "spec.0.template.0.spec.0.container.0.tty": "false",
                            "spec.0.template.0.spec.0.container.0.volume_mount.#": "0",
                            "spec.0.template.0.spec.0.container.0.working_dir": "",
                            "spec.0.template.0.spec.0.dns_config.#": "0",
                            "spec.0.template.0.spec.0.dns_policy": "ClusterFirst",
                            "spec.0.template.0.spec.0.host_aliases.#": "0",
                            "spec.0.template.0.spec.0.host_ipc": "false",
                            "spec.0.template.0.spec.0.host_network": "false",
                            "spec.0.template.0.spec.0.host_pid": "false",
                            "spec.0.template.0.spec.0.hostname": "",
                            "spec.0.template.0.spec.0.image_pull_secrets.#": "0",
                            "spec.0.template.0.spec.0.init_container.#": "0",
                            "spec.0.template.0.spec.0.node_name": "",
                            "spec.0.template.0.spec.0.node_selector.%": "0",
                            "spec.0.template.0.spec.0.restart_policy": "Always",
                            "spec.0.template.0.spec.0.security_context.#": "0",
                            "spec.0.template.0.spec.0.service_account_name": "",
                            "spec.0.template.0.spec.0.subdomain": "",
                            "spec.0.template.0.spec.0.termination_grace_period_seconds": "30",
                            "spec.0.template.0.spec.0.volume.#": "0"
                        },
                        "meta": {
                            "e2bfb730-ecaa-11e6-8f88-34363bc7c4c0": {
                                "create": 600000000000,
                                "delete": 600000000000,
                                "update": 600000000000
                            }
                        },
                        "tainted": false
                    },
                    "deposed": [],
                    "provider": "provider.kubernetes"
                },
                "kubernetes_service.app": {
                    "type": "kubernetes_service",
                    "depends_on": [
                        "kubernetes_deployment.app",
                        "local.app",
                        "local.port"
                    ],
                    "primary": {
                        "id": "default/app",
                        "attributes": {
                            "id": "default/app",
                            "load_balancer_ingress.#": "1",
                            "load_balancer_ingress.0.hostname": "",
                            "load_balancer_ingress.0.ip": "34.68.177.238",
                            "metadata.#": "1",
                            "metadata.0.annotations.%": "0",
                            "metadata.0.generate_name": "",
                            "metadata.0.generation": "0",
                            "metadata.0.labels.%": "0",
                            "metadata.0.name": "app",
                            "metadata.0.namespace": "default",
                            "metadata.0.resource_version": "1185",
                            "metadata.0.self_link": "/api/v1/namespaces/default/services/app",
                            "metadata.0.uid": "4b00ff2f-9583-11e9-840b-42010a80005a",
                            "spec.#": "1",
                            "spec.0.cluster_ip": "10.43.244.183",
                            "spec.0.external_ips.#": "0",
                            "spec.0.external_name": "",
                            "spec.0.external_traffic_policy": "Cluster",
                            "spec.0.load_balancer_ip": "",
                            "spec.0.load_balancer_source_ranges.#": "0",
                            "spec.0.port.#": "1",
                            "spec.0.port.0.name": "",
                            "spec.0.port.0.node_port": "30473",
                            "spec.0.port.0.port": "5000",
                            "spec.0.port.0.protocol": "TCP",
                            "spec.0.port.0.target_port": "5000",
                            "spec.0.publish_not_ready_addresses": "false",
                            "spec.0.selector.%": "1",
                            "spec.0.selector.app": "app",
                            "spec.0.session_affinity": "ClientIP",
                            "spec.0.type": "LoadBalancer"
                        },
                        "meta": {},
                        "tainted": false
                    },
                    "deposed": [],
                    "provider": "provider.kubernetes"
                },
                "kubernetes_service.sonar": {
                    "type": "kubernetes_service",
                    "depends_on": [
                        "kubernetes_deployment.sonar"
                    ],
                    "primary": {
                        "id": "default/sonar",
                        "attributes": {
                            "id": "default/sonar",
                            "load_balancer_ingress.#": "1",
                            "load_balancer_ingress.0.hostname": "",
                            "load_balancer_ingress.0.ip": "34.67.178.145",
                            "metadata.#": "1",
                            "metadata.0.annotations.%": "0",
                            "metadata.0.generate_name": "",
                            "metadata.0.generation": "0",
                            "metadata.0.labels.%": "0",
                            "metadata.0.name": "sonar",
                            "metadata.0.namespace": "default",
                            "metadata.0.resource_version": "1016",
                            "metadata.0.self_link": "/api/v1/namespaces/default/services/sonar",
                            "metadata.0.uid": "299ce535-9583-11e9-840b-42010a80005a",
                            "spec.#": "1",
                            "spec.0.cluster_ip": "10.43.250.135",
                            "spec.0.external_ips.#": "0",
                            "spec.0.external_name": "",
                            "spec.0.external_traffic_policy": "Cluster",
                            "spec.0.load_balancer_ip": "",
                            "spec.0.load_balancer_source_ranges.#": "0",
                            "spec.0.port.#": "1",
                            "spec.0.port.0.name": "sonar",
                            "spec.0.port.0.node_port": "30691",
                            "spec.0.port.0.port": "9000",
                            "spec.0.port.0.protocol": "TCP",
                            "spec.0.port.0.target_port": "9000",
                            "spec.0.publish_not_ready_addresses": "false",
                            "spec.0.selector.%": "1",
                            "spec.0.selector.app": "sonar",
                            "spec.0.session_affinity": "ClientIP",
                            "spec.0.type": "LoadBalancer"
                        },
                        "meta": {},
                        "tainted": false
                    },
                    "deposed": [],
                    "provider": "provider.kubernetes"
                }
            },
            "depends_on": []
        }
    ]
}
