{
  "version": 4,
  "terraform_version": "0.12.3",
  "serial": 94,
  "lineage": "75d45942-45a5-1233-2f3b-e501f4096d13",
  "outputs": {
    "app": {
      "value": "34.66.218.57:5000",
      "type": "string"
    },
    "build": {
      "value": "104.154.63.17:8080",
      "type": "string"
    },
    "sonar": {
      "value": "35.224.161.161:9000",
      "type": "string"
    }
  },
  "resources": [
    {
      "mode": "data",
      "type": "google_compute_network",
      "name": "net",
      "provider": "provider.google",
      "instances": [
        {
          "schema_version": 0,
          "attributes": {
            "description": "Default network for the project",
            "gateway_ipv4": "",
            "id": "default",
            "name": "default",
            "project": null,
            "self_link": "https://www.googleapis.com/compute/v1/projects/tf-cicd-test/global/networks/default",
            "subnetworks_self_links": [
              "https://www.googleapis.com/compute/v1/projects/tf-cicd-test/regions/us-east1/subnetworks/default",
              "https://www.googleapis.com/compute/v1/projects/tf-cicd-test/regions/us-west2/subnetworks/default",
              "https://www.googleapis.com/compute/v1/projects/tf-cicd-test/regions/asia-south1/subnetworks/default",
              "https://www.googleapis.com/compute/v1/projects/tf-cicd-test/regions/australia-southeast1/subnetworks/default",
              "https://www.googleapis.com/compute/v1/projects/tf-cicd-test/regions/europe-west4/subnetworks/default",
              "https://www.googleapis.com/compute/v1/projects/tf-cicd-test/regions/southamerica-east1/subnetworks/default",
              "https://www.googleapis.com/compute/v1/projects/tf-cicd-test/regions/us-east4/subnetworks/default",
              "https://www.googleapis.com/compute/v1/projects/tf-cicd-test/regions/asia-east1/subnetworks/default",
              "https://www.googleapis.com/compute/v1/projects/tf-cicd-test/regions/asia-southeast1/subnetworks/default",
              "https://www.googleapis.com/compute/v1/projects/tf-cicd-test/regions/asia-northeast2/subnetworks/default",
              "https://www.googleapis.com/compute/v1/projects/tf-cicd-test/regions/us-west1/subnetworks/default",
              "https://www.googleapis.com/compute/v1/projects/tf-cicd-test/regions/europe-west3/subnetworks/default",
              "https://www.googleapis.com/compute/v1/projects/tf-cicd-test/regions/europe-west2/subnetworks/default",
              "https://www.googleapis.com/compute/v1/projects/tf-cicd-test/regions/europe-west1/subnetworks/default",
              "https://www.googleapis.com/compute/v1/projects/tf-cicd-test/regions/asia-east2/subnetworks/default",
              "https://www.googleapis.com/compute/v1/projects/tf-cicd-test/regions/us-central1/subnetworks/default",
              "https://www.googleapis.com/compute/v1/projects/tf-cicd-test/regions/northamerica-northeast1/subnetworks/default",
              "https://www.googleapis.com/compute/v1/projects/tf-cicd-test/regions/europe-north1/subnetworks/default",
              "https://www.googleapis.com/compute/v1/projects/tf-cicd-test/regions/europe-west6/subnetworks/default",
              "https://www.googleapis.com/compute/v1/projects/tf-cicd-test/regions/asia-northeast1/subnetworks/default"
            ]
          }
        }
      ]
    },
    {
      "mode": "managed",
      "type": "google_compute_firewall",
      "name": "fw",
      "provider": "provider.google",
      "instances": [
        {
          "schema_version": 1,
          "attributes": {
            "allow": [
              {
                "ports": [
                  "8080"
                ],
                "protocol": "tcp"
              }
            ],
            "creation_timestamp": "2019-07-01T14:13:27.922-07:00",
            "deny": [],
            "description": "",
            "destination_ranges": [],
            "direction": "INGRESS",
            "disabled": false,
            "id": "fw",
            "name": "fw",
            "network": "https://www.googleapis.com/compute/v1/projects/tf-cicd-test/global/networks/default",
            "priority": 1000,
            "project": "tf-cicd-test",
            "self_link": "https://www.googleapis.com/compute/v1/projects/tf-cicd-test/global/firewalls/fw",
            "source_ranges": [
              "0.0.0.0/0"
            ],
            "source_service_accounts": null,
            "source_tags": null,
            "target_service_accounts": null,
            "target_tags": null,
            "timeouts": null
          },
          "private": "eyJlMmJmYjczMC1lY2FhLTExZTYtOGY4OC0zNDM2M2JjN2M0YzAiOnsiY3JlYXRlIjoyNDAwMDAwMDAwMDAsImRlbGV0ZSI6MjQwMDAwMDAwMDAwLCJ1cGRhdGUiOjI0MDAwMDAwMDAwMH0sInNjaGVtYV92ZXJzaW9uIjoiMSJ9",
          "depends_on": [
            "data.google_compute_network.net"
          ]
        }
      ]
    },
    {
      "mode": "managed",
      "type": "google_compute_instance",
      "name": "build",
      "provider": "provider.google",
      "instances": [
        {
          "schema_version": 6,
          "attributes": {
            "allow_stopping_for_update": null,
            "attached_disk": [],
            "boot_disk": [
              {
                "auto_delete": true,
                "device_name": "persistent-disk-0",
                "disk_encryption_key_raw": "",
                "disk_encryption_key_sha256": "",
                "initialize_params": [
                  {
                    "image": "https://www.googleapis.com/compute/v1/projects/centos-cloud/global/images/centos-7-v20180129",
                    "size": 10,
                    "type": "pd-standard"
                  }
                ],
                "kms_key_self_link": "",
                "source": "https://www.googleapis.com/compute/v1/projects/tf-cicd-test/zones/us-central1-c/disks/build"
              }
            ],
            "can_ip_forward": false,
            "cpu_platform": "Intel Haswell",
            "deletion_protection": false,
            "description": null,
            "disk": [],
            "guest_accelerator": [],
            "hostname": "",
            "id": "build",
            "instance_id": "4409696921341904577",
            "label_fingerprint": "42WmSpB8rSM=",
            "labels": null,
            "machine_type": "n1-standard-2",
            "metadata": {
              "sshKeys": "centos:ssh-rsa AAAAB3NzaC1yc2EAAAADAQABAAABAQCsc6CNXbfl7tUOWpgcGIWDdjVPIn7atSce7zrRoFx4V52EeZiJruMzhWYbjiMJ7FDVec8hU5zwIsjm7Feaj4N+/luDAoYaE0yw0SvFxBw4/lMF11HtTAKPnw4Qlp3kNsPUCNWPMFq0WTflmLXQMe4JclkhIZ3HH83i9Cmbma/BsBwpXfbIiUZ3EmQiYeurF9MB3xDTtngsNdnIYw+8dPV7I9o5oQMyV6/g/oEkMHlxFCCaXySpnX+WJhO1sat39d0IGF+3ZE40Xt8zQSDq1+OgLMxW0V2EpOSvnBLo0cWOU7MwIbJJQt8hVWOHqaVEDb5MQSc0mAT3Cv6DTN5ENTn5 root@k8s-node1\n"
            },
            "metadata_fingerprint": "LQpsIuUlDwI=",
            "metadata_startup_script": "",
            "min_cpu_platform": "",
            "name": "build",
            "network_interface": [
              {
                "access_config": [
                  {
                    "assigned_nat_ip": "",
                    "nat_ip": "104.154.63.17",
                    "network_tier": "PREMIUM",
                    "public_ptr_domain_name": ""
                  }
                ],
                "address": "",
                "alias_ip_range": [],
                "name": "nic0",
                "network": "https://www.googleapis.com/compute/v1/projects/tf-cicd-test/global/networks/default",
                "network_ip": "10.128.15.216",
                "subnetwork": "https://www.googleapis.com/compute/v1/projects/tf-cicd-test/regions/us-central1/subnetworks/default",
                "subnetwork_project": "tf-cicd-test"
              }
            ],
            "project": "tf-cicd-test",
            "scheduling": [
              {
                "automatic_restart": true,
                "node_affinities": [],
                "on_host_maintenance": "MIGRATE",
                "preemptible": false
              }
            ],
            "scratch_disk": [],
            "self_link": "https://www.googleapis.com/compute/v1/projects/tf-cicd-test/zones/us-central1-c/instances/build",
            "service_account": [],
            "shielded_instance_config": [],
            "tags": null,
            "tags_fingerprint": "42WmSpB8rSM=",
            "timeouts": null,
            "zone": "us-central1-c"
          },
          "private": "eyJlMmJmYjczMC1lY2FhLTExZTYtOGY4OC0zNDM2M2JjN2M0YzAiOnsiY3JlYXRlIjoxMjAwMDAwMDAwMDAwLCJkZWxldGUiOjEyMDAwMDAwMDAwMDAsInVwZGF0ZSI6MTIwMDAwMDAwMDAwMH0sInNjaGVtYV92ZXJzaW9uIjoiNiJ9",
          "depends_on": [
            "data.google_compute_network.net"
          ]
        }
      ]
    },
    {
      "mode": "managed",
      "type": "google_container_cluster",
      "name": "kube",
      "provider": "provider.google",
      "instances": [
        {
          "schema_version": 1,
          "attributes": {
            "additional_zones": [
              "us-central1-b"
            ],
            "addons_config": [
              {
                "horizontal_pod_autoscaling": [],
                "http_load_balancing": [],
                "kubernetes_dashboard": [
                  {
                    "disabled": true
                  }
                ],
                "network_policy_config": [
                  {
                    "disabled": true
                  }
                ]
              }
            ],
            "cluster_autoscaling": [],
            "cluster_ipv4_cidr": "10.40.0.0/14",
            "description": "",
            "enable_binary_authorization": null,
            "enable_intranode_visibility": null,
            "enable_kubernetes_alpha": false,
            "enable_legacy_abac": false,
            "enable_tpu": null,
            "endpoint": "130.211.225.183",
            "id": "kube",
            "initial_node_count": 2,
            "instance_group_urls": [
              "https://www.googleapis.com/compute/v1/projects/tf-cicd-test/zones/us-central1-b/instanceGroups/gke-kube-default-pool-b589cb79-grp",
              "https://www.googleapis.com/compute/v1/projects/tf-cicd-test/zones/us-central1-a/instanceGroups/gke-kube-default-pool-f2f42f21-grp"
            ],
            "ip_allocation_policy": [],
            "location": "us-central1-a",
            "logging_service": "logging.googleapis.com",
            "maintenance_policy": [],
            "master_auth": [
              {
                "client_certificate": "",
                "client_certificate_config": [
                  {
                    "issue_client_certificate": false
                  }
                ],
                "client_key": "",
                "cluster_ca_certificate": "LS0tLS1CRUdJTiBDRVJUSUZJQ0FURS0tLS0tCk1JSURERENDQWZTZ0F3SUJBZ0lSQUo5cWdxa3I2SWZRbGZaaWZRQ1ljcnd3RFFZSktvWklodmNOQVFFTEJRQXcKTHpFdE1Dc0dBMVVFQXhNa1lXWXhNVFJrTTJRdE9UbG1aUzAwTm1ReUxXRXpZMlV0WmpaaE9UYzBaVGhpTjJWbQpNQjRYRFRFNU1EY3dNVEl3TVRNeU4xb1hEVEkwTURZeU9USXhNVE15TjFvd0x6RXRNQ3NHQTFVRUF4TWtZV1l4Ck1UUmtNMlF0T1RsbVpTMDBObVF5TFdFelkyVXRaalpoT1RjMFpUaGlOMlZtTUlJQklqQU5CZ2txaGtpRzl3MEIKQVFFRkFBT0NBUThBTUlJQkNnS0NBUUVBcG0rMEgzc3pzR2tuUTJNNytVNFU0RGpydXF6L1M4UHV4OW8wY1hDYwpqeHpySGk4VzJpOEVqOGxCSkwvVzJCQVNKN2VCS3RiTnhDcEVsSExpK2dCcW5hQSt6VitKYThsTThNakI5OWl5CjhiWVNTWDlsaU9uNS9KQnlkdERCTTN3Q1cvN0M0MEw0eEt1R2ViSDlHclNsWjIwQ1lvQmVaVmd2c0ZHQ2VNVXUKUFBYRkwwY3c5eU9BTmhLS1dJRG1MdEIrUll6ZE5lLzE1MnlUdGlmWGFhT25TeDBDcW95MzJteEU4VHV4aGVTQgpBbzM1WUdUTm9YV1VDdnY4bHA3L3U0TFNIWGN5OUJscVdiU0p5N2FIQmNxbEhqb0FZQUk0Tm9ZU24xcGJFZnprCllERlBwcEdvWXQ2R0Y1OGhQVDhGb1VNQ0U2dGQrOHZaZUV5Vy91aWxQME03UXdJREFRQUJveU13SVRBT0JnTlYKSFE4QkFmOEVCQU1DQWdRd0R3WURWUjBUQVFIL0JBVXdBd0VCL3pBTkJna3Foa2lHOXcwQkFRc0ZBQU9DQVFFQQpUTStGQnE0Vkd0Z2hmdFFheTBUemNxdVZjL0VEaU5pSnlxKzF1cXJkU3YyZDZucyswYkFPUkNoZXB5NDVlaEUrCmhWWWZSYVNZZXd3ditVYmNwaXpTbENGbEV1dDlUcW0vY0w1ejhwZmw1dmhNZ0hLdzFvb2ZzRmlKczFRcklJM0EKUVROQVdHdUVaVWw2aHlmeTZVbHZsZ3pQNXhDWStOL3d0b21jOWNJM3ovN2E0SlppQlVadGFuQ1YvRmFFaWpnUQpFcjczK09ieDlTc1lCV1p6YkpzaC9hS25UQnZ3YncvQktZUW5XWWp5c3dnaG8rY1hLL3RtM2o5ZHlxdDhwQzhrCk95S0hzS0NaWHg2Z0NqQkdPZmtTbmxTUlM1VmtnYVBaVWZuWm5aRUMyaDFldXpzRUhQeS9UOXB5THplL1RhcTkKb3hkdU1lZ1pqZXF4TktVZmV3SHdHdz09Ci0tLS0tRU5EIENFUlRJRklDQVRFLS0tLS0K",
                "password": "012345678987654321",
                "username": "user"
              }
            ],
            "master_authorized_networks_config": [],
            "master_version": "1.12.8-gke.10",
            "min_master_version": null,
            "monitoring_service": "monitoring.googleapis.com",
            "name": "kube",
            "network": "projects/tf-cicd-test/global/networks/default",
            "network_policy": [
              {
                "enabled": false,
                "provider": "PROVIDER_UNSPECIFIED"
              }
            ],
            "node_config": [
              {
                "disk_size_gb": 100,
                "disk_type": "pd-standard",
                "guest_accelerator": [],
                "image_type": "COS",
                "labels": null,
                "local_ssd_count": 0,
                "machine_type": "n1-standard-1",
                "metadata": {
                  "disable-legacy-endpoints": "true"
                },
                "min_cpu_platform": "",
                "oauth_scopes": [
                  "https://www.googleapis.com/auth/compute",
                  "https://www.googleapis.com/auth/devstorage.read_only",
                  "https://www.googleapis.com/auth/logging.write",
                  "https://www.googleapis.com/auth/monitoring"
                ],
                "preemptible": false,
                "service_account": "default",
                "tags": null,
                "taint": [],
                "workload_metadata_config": []
              }
            ],
            "node_locations": [
              "us-central1-b"
            ],
            "node_pool": [
              {
                "autoscaling": [],
                "initial_node_count": 2,
                "instance_group_urls": [
                  "https://www.googleapis.com/compute/v1/projects/tf-cicd-test/zones/us-central1-b/instanceGroupManagers/gke-kube-default-pool-b589cb79-grp",
                  "https://www.googleapis.com/compute/v1/projects/tf-cicd-test/zones/us-central1-a/instanceGroupManagers/gke-kube-default-pool-f2f42f21-grp"
                ],
                "management": [
                  {
                    "auto_repair": false,
                    "auto_upgrade": false
                  }
                ],
                "max_pods_per_node": 0,
                "name": "default-pool",
                "name_prefix": "",
                "node_config": [
                  {
                    "disk_size_gb": 100,
                    "disk_type": "pd-standard",
                    "guest_accelerator": [],
                    "image_type": "COS",
                    "labels": {},
                    "local_ssd_count": 0,
                    "machine_type": "n1-standard-1",
                    "metadata": {
                      "disable-legacy-endpoints": "true"
                    },
                    "min_cpu_platform": "",
                    "oauth_scopes": [
                      "https://www.googleapis.com/auth/compute",
                      "https://www.googleapis.com/auth/devstorage.read_only",
                      "https://www.googleapis.com/auth/logging.write",
                      "https://www.googleapis.com/auth/monitoring"
                    ],
                    "preemptible": false,
                    "service_account": "default",
                    "tags": [],
                    "taint": [],
                    "workload_metadata_config": []
                  }
                ],
                "node_count": 2,
                "version": "1.12.8-gke.10"
              }
            ],
            "node_version": "1.12.8-gke.10",
            "pod_security_policy_config": [],
            "private_cluster_config": [],
            "project": "tf-cicd-test",
            "region": null,
            "remove_default_node_pool": null,
            "resource_labels": null,
            "services_ipv4_cidr": "10.43.240.0/20",
            "subnetwork": "projects/tf-cicd-test/regions/us-central1/subnetworks/default",
            "timeouts": null,
            "zone": "us-central1-a"
          },
          "private": "eyJlMmJmYjczMC1lY2FhLTExZTYtOGY4OC0zNDM2M2JjN2M0YzAiOnsiY3JlYXRlIjoxODAwMDAwMDAwMDAwLCJkZWxldGUiOjE4MDAwMDAwMDAwMDAsInVwZGF0ZSI6MzYwMDAwMDAwMDAwMH0sInNjaGVtYV92ZXJzaW9uIjoiMSJ9"
        }
      ]
    },
    {
      "mode": "managed",
      "type": "kubernetes_deployment",
      "name": "app",
      "provider": "provider.kubernetes",
      "instances": [
        {
          "schema_version": 0,
          "attributes": {
            "id": "default/app",
            "metadata": [
              {
                "annotations": null,
                "generate_name": "",
                "generation": 1,
                "labels": {
                  "app": "app"
                },
                "name": "app",
                "namespace": "default",
                "resource_version": "732",
                "self_link": "/apis/apps/v1/namespaces/default/deployments/app",
                "uid": "7f509581-9c45-11e9-a3e3-42010a80009b"
              }
            ],
            "spec": [
              {
                "min_ready_seconds": 0,
                "paused": false,
                "progress_deadline_seconds": 600,
                "replicas": 3,
                "revision_history_limit": 10,
                "selector": [
                  {
                    "match_expressions": [],
                    "match_labels": {
                      "app": "app"
                    }
                  }
                ],
                "strategy": [
                  {
                    "rolling_update": [
                      {
                        "max_surge": "25%",
                        "max_unavailable": "25%"
                      }
                    ],
                    "type": "RollingUpdate"
                  }
                ],
                "template": [
                  {
                    "metadata": [
                      {
                        "annotations": null,
                        "generate_name": "",
                        "generation": 0,
                        "labels": {
                          "app": "app"
                        },
                        "name": "",
                        "namespace": "default",
                        "resource_version": "",
                        "self_link": "",
                        "uid": ""
                      }
                    ],
                    "spec": [
                      {
                        "active_deadline_seconds": 0,
                        "affinity": [],
                        "container": [
                          {
                            "args": null,
                            "command": null,
                            "env": [],
                            "env_from": [],
                            "image": "malferov/app:3",
                            "image_pull_policy": "IfNotPresent",
                            "lifecycle": [],
                            "liveness_probe": [],
                            "name": "app",
                            "port": [],
                            "readiness_probe": [],
                            "resources": [
                              {
                                "limits": null,
                                "requests": null
                              }
                            ],
                            "security_context": [],
                            "stdin": false,
                            "stdin_once": false,
                            "termination_message_path": "/dev/termination-log",
                            "tty": false,
                            "volume_mount": [],
                            "working_dir": ""
                          }
                        ],
                        "dns_config": [],
                        "dns_policy": "ClusterFirst",
                        "host_aliases": [],
                        "host_ipc": false,
                        "host_network": false,
                        "host_pid": false,
                        "hostname": "",
                        "image_pull_secrets": [],
                        "init_container": [],
                        "node_name": "",
                        "node_selector": null,
                        "restart_policy": "Always",
                        "security_context": [],
                        "service_account_name": "",
                        "subdomain": "",
                        "termination_grace_period_seconds": 30,
                        "volume": []
                      }
                    ]
                  }
                ]
              }
            ],
            "timeouts": null
          },
          "private": "eyJlMmJmYjczMC1lY2FhLTExZTYtOGY4OC0zNDM2M2JjN2M0YzAiOnsiY3JlYXRlIjo2MDAwMDAwMDAwMDAsImRlbGV0ZSI6NjAwMDAwMDAwMDAwLCJ1cGRhdGUiOjYwMDAwMDAwMDAwMH19"
        }
      ]
    },
    {
      "mode": "managed",
      "type": "kubernetes_deployment",
      "name": "sonar",
      "provider": "provider.kubernetes",
      "instances": [
        {
          "schema_version": 0,
          "attributes": {
            "id": "default/sonar",
            "metadata": [
              {
                "annotations": null,
                "generate_name": "",
                "generation": 1,
                "labels": {
                  "app": "sonar"
                },
                "name": "sonar",
                "namespace": "default",
                "resource_version": "731",
                "self_link": "/apis/apps/v1/namespaces/default/deployments/sonar",
                "uid": "7f50b416-9c45-11e9-a3e3-42010a80009b"
              }
            ],
            "spec": [
              {
                "min_ready_seconds": 0,
                "paused": false,
                "progress_deadline_seconds": 600,
                "replicas": 1,
                "revision_history_limit": 10,
                "selector": [
                  {
                    "match_expressions": [],
                    "match_labels": {
                      "app": "sonar"
                    }
                  }
                ],
                "strategy": [
                  {
                    "rolling_update": [
                      {
                        "max_surge": "25%",
                        "max_unavailable": "25%"
                      }
                    ],
                    "type": "RollingUpdate"
                  }
                ],
                "template": [
                  {
                    "metadata": [
                      {
                        "annotations": null,
                        "generate_name": "",
                        "generation": 0,
                        "labels": {
                          "app": "sonar"
                        },
                        "name": "",
                        "namespace": "default",
                        "resource_version": "",
                        "self_link": "",
                        "uid": ""
                      }
                    ],
                    "spec": [
                      {
                        "active_deadline_seconds": 0,
                        "affinity": [],
                        "container": [
                          {
                            "args": null,
                            "command": null,
                            "env": [],
                            "env_from": [],
                            "image": "sonarqube:lts",
                            "image_pull_policy": "IfNotPresent",
                            "lifecycle": [],
                            "liveness_probe": [],
                            "name": "sonar",
                            "port": [],
                            "readiness_probe": [],
                            "resources": [
                              {
                                "limits": null,
                                "requests": null
                              }
                            ],
                            "security_context": [],
                            "stdin": false,
                            "stdin_once": false,
                            "termination_message_path": "/dev/termination-log",
                            "tty": false,
                            "volume_mount": [],
                            "working_dir": ""
                          }
                        ],
                        "dns_config": [],
                        "dns_policy": "ClusterFirst",
                        "host_aliases": [],
                        "host_ipc": false,
                        "host_network": false,
                        "host_pid": false,
                        "hostname": "",
                        "image_pull_secrets": [],
                        "init_container": [],
                        "node_name": "",
                        "node_selector": null,
                        "restart_policy": "Always",
                        "security_context": [],
                        "service_account_name": "",
                        "subdomain": "",
                        "termination_grace_period_seconds": 30,
                        "volume": []
                      }
                    ]
                  }
                ]
              }
            ],
            "timeouts": null
          },
          "private": "eyJlMmJmYjczMC1lY2FhLTExZTYtOGY4OC0zNDM2M2JjN2M0YzAiOnsiY3JlYXRlIjo2MDAwMDAwMDAwMDAsImRlbGV0ZSI6NjAwMDAwMDAwMDAwLCJ1cGRhdGUiOjYwMDAwMDAwMDAwMH19"
        }
      ]
    },
    {
      "mode": "managed",
      "type": "kubernetes_service",
      "name": "app",
      "provider": "provider.kubernetes",
      "instances": [
        {
          "schema_version": 0,
          "attributes": {
            "id": "default/app",
            "load_balancer_ingress": [
              {
                "hostname": "",
                "ip": "34.66.218.57"
              }
            ],
            "metadata": [
              {
                "annotations": null,
                "generate_name": "",
                "generation": 0,
                "labels": null,
                "name": "app",
                "namespace": "default",
                "resource_version": "1048",
                "self_link": "/api/v1/namespaces/default/services/app",
                "uid": "80078ea0-9c45-11e9-a3e3-42010a80009b"
              }
            ],
            "spec": [
              {
                "cluster_ip": "10.43.242.199",
                "external_ips": null,
                "external_name": "",
                "external_traffic_policy": "Cluster",
                "load_balancer_ip": "",
                "load_balancer_source_ranges": null,
                "port": [
                  {
                    "name": "",
                    "node_port": 30375,
                    "port": 5000,
                    "protocol": "TCP",
                    "target_port": "5000"
                  }
                ],
                "publish_not_ready_addresses": false,
                "selector": {
                  "app": "app"
                },
                "session_affinity": "ClientIP",
                "type": "LoadBalancer"
              }
            ]
          },
          "private": "bnVsbA==",
          "depends_on": [
            "kubernetes_deployment.app"
          ]
        }
      ]
    },
    {
      "mode": "managed",
      "type": "kubernetes_service",
      "name": "sonar",
      "provider": "provider.kubernetes",
      "instances": [
        {
          "schema_version": 0,
          "attributes": {
            "id": "default/sonar",
            "load_balancer_ingress": [
              {
                "hostname": "",
                "ip": "35.224.161.161"
              }
            ],
            "metadata": [
              {
                "annotations": null,
                "generate_name": "",
                "generation": 0,
                "labels": null,
                "name": "sonar",
                "namespace": "default",
                "resource_version": "1226",
                "self_link": "/api/v1/namespaces/default/services/sonar",
                "uid": "803ad2b1-9c45-11e9-a3e3-42010a80009b"
              }
            ],
            "spec": [
              {
                "cluster_ip": "10.43.243.38",
                "external_ips": null,
                "external_name": "",
                "external_traffic_policy": "Cluster",
                "load_balancer_ip": "",
                "load_balancer_source_ranges": null,
                "port": [
                  {
                    "name": "sonar",
                    "node_port": 32718,
                    "port": 9000,
                    "protocol": "TCP",
                    "target_port": "9000"
                  }
                ],
                "publish_not_ready_addresses": false,
                "selector": {
                  "app": "sonar"
                },
                "session_affinity": "ClientIP",
                "type": "LoadBalancer"
              }
            ]
          },
          "private": "bnVsbA==",
          "depends_on": [
            "kubernetes_deployment.sonar"
          ]
        }
      ]
    }
  ]
}
